
Microsoft Visual Studio Solution File, Format Version 12.00
# Visual Studio Version 16
VisualStudioVersion = 16.0.29025.244
MinimumVisualStudioVersion = 10.0.40219.1
Project("{FAE04EC0-301F-11D3-BF4B-00C04F79EFBC}") = "lab2", "lab2\lab2.csproj", "{A523CF63-D1B6-4504-8F68-5409093DB048}"
EndProject
Global
	GlobalSection(SolutionConfigurationPlatforms) = preSolution
		Debug|Any CPU = Debug|Any CPU
		Release|Any CPU = Release|Any CPU
	EndGlobalSection
	GlobalSection(ProjectConfigurationPlatforms) = postSolution
		{A523CF63-D1B6-4504-8F68-5409093DB048}.Debug|Any CPU.ActiveCfg = Debug|Any CPU
		{A523CF63-D1B6-4504-8F68-5409093DB048}.Debug|Any CPU.Build.0 = Debug|Any CPU
		{A523CF63-D1B6-4504-8F68-5409093DB048}.Release|Any CPU.ActiveCfg = Release|Any CPU
		{A523CF63-D1B6-4504-8F68-5409093DB048}.Release|Any CPU.Build.0 = Release|Any CPU
	EndGlobalSection
	GlobalSection(SolutionProperties) = preSolution
		HideSolutionNode = FALSE
	EndGlobalSection
	GlobalSection(ExtensibilityGlobals) = postSolution
		SolutionGuid = {0A2FACF5-B526-470F-85B8-EDF508689C4D}
	EndGlobalSection
EndGlobal
